// !$*UTF8*$!
{
	archiveVersion = 1;
	classes = {
	};
	objectVersion = 77;
	objects = {

/* Begin PBXContainerItemProxy section */
		F44E2F3B2E473DA50070F348 /* PBXContainerItemProxy */ = {
			isa = PBXContainerItemProxy;
			containerPortal = F44E2F1E2E473DA30070F348 /* Project object */;
			proxyType = 1;
			remoteGlobalIDString = F44E2F252E473DA30070F348;
			remoteInfo = "Smart Finance V2";
		};
		F44E2F452E473DA50070F348 /* PBXContainerItemProxy */ = {
			isa = PBXContainerItemProxy;
			containerPortal = F44E2F1E2E473DA30070F348 /* Project object */;
			proxyType = 1;
			remoteGlobalIDString = F44E2F252E473DA30070F348;
			remoteInfo = "Smart Finance V2";
		};
/* End PBXContainerItemProxy section */

/* Begin PBXFileReference section */
		F44E2F262E473DA30070F348 /* Smart Finance V2.app */ = {isa = PBXFileReference; explicitFileType = wrapper.application; includeInIndex = 0; path = "Smart Finance V2.app"; sourceTree = BUILT_PRODUCTS_DIR; };
		F44E2F3A2E473DA50070F348 /* Smart Finance V2Tests.xctest */ = {isa = PBXFileReference; explicitFileType = wrapper.cfbundle; includeInIndex = 0; path = "Smart Finance V2Tests.xctest"; sourceTree = BUILT_PRODUCTS_DIR; };
		F44E2F442E473DA50070F348 /* Smart Finance V2UITests.xctest */ = {isa = PBXFileReference; explicitFileType = wrapper.cfbundle; includeInIndex = 0; path = "Smart Finance V2UITests.xctest"; sourceTree = BUILT_PRODUCTS_DIR; };
/* End PBXFileReference section */

/* Begin PBXFileSystemSynchronizedBuildFileExceptionSet section */
		F44E2F4C2E473DA50070F348 /* Exceptions for "Smart Finance V2" folder in "Smart Finance V2" target */ = {
			isa = PBXFileSystemSynchronizedBuildFileExceptionSet;
			membershipExceptions = (
				Info.plist,
			);
			target = F44E2F252E473DA30070F348 /* Smart Finance V2 */;
		};
/* End PBXFileSystemSynchronizedBuildFileExceptionSet section */

/* Begin PBXFileSystemSynchronizedRootGroup section */
		F44E2F282E473DA30070F348 /* Smart Finance V2 */ = {
			isa = PBXFileSystemSynchronizedRootGroup;
			exceptions = (
				F44E2F4C2E473DA50070F348 /* Exceptions for "Smart Finance V2" folder in "Smart Finance V2" target */,
			);
			path = "Smart Finance V2";
			sourceTree = "<group>";
		};
		F44E2F3D2E473DA50070F348 /* Smart Finance V2Tests */ = {
			isa = PBXFileSystemSynchronizedRootGroup;
			path = "Smart Finance V2Tests";
			sourceTree = "<group>";
		};
		F44E2F472E473DA50070F348 /* Smart Finance V2UITests */ = {
			isa = PBXFileSystemSynchronizedRootGroup;
			path = "Smart Finance V2UITests";
			sourceTree = "<group>";
		};
/* End PBXFileSystemSynchronizedRootGroup section */

/* Begin PBXFrameworksBuildPhase section */
		F44E2F232E473DA30070F348 /* Frameworks */ = {
			isa = PBXFrameworksBuildPhase;
			buildActionMask = 2147483647;
			files = (
			);
			runOnlyForDeploymentPostprocessing = 0;
		};
		F44E2F372E473DA50070F348 /* Frameworks */ = {
			isa = PBXFrameworksBuildPhase;
			buildActionMask = 2147483647;
			files = (
			);
			runOnlyForDeploymentPostprocessing = 0;
		};
		F44E2F412E473DA50070F348 /* Frameworks */ = {
			isa = PBXFrameworksBuildPhase;
			buildActionMask = 2147483647;
			files = (
			);
			runOnlyForDeploymentPostprocessing = 0;
		};
/* End PBXFrameworksBuildPhase section */

/* Begin PBXGroup section */
		F44E2F1D2E473DA30070F348 = {
			isa = PBXGroup;
			children = (
				F44E2F282E473DA30070F348 /* Smart Finance V2 */,
				F44E2F3D2E473DA50070F348 /* Smart Finance V2Tests */,
				F44E2F472E473DA50070F348 /* Smart Finance V2UITests */,
				F44E2F272E473DA30070F348 /* Products */,
			);
			sourceTree = "<group>";
		};
		F44E2F272E473DA30070F348 /* Products */ = {
			isa = PBXGroup;
			children = (
				F44E2F262E473DA30070F348 /* Smart Finance V2.app */,
				F44E2F3A2E473DA50070F348 /* Smart Finance V2Tests.xctest */,
				F44E2F442E473DA50070F348 /* Smart Finance V2UITests.xctest */,
			);
			name = Products;
			sourceTree = "<group>";
		};
/* End PBXGroup section */

/* Begin PBXNativeTarget section */
		F44E2F252E473DA30070F348 /* Smart Finance V2 */ = {
			isa = PBXNativeTarget;
			buildConfigurationList = F44E2F4D2E473DA50070F348 /* Build configuration list for PBXNativeTarget "Smart Finance V2" */;
			buildPhases = (
				F44E2F222E473DA30070F348 /* Sources */,
				F44E2F232E473DA30070F348 /* Frameworks */,
				F44E2F242E473DA30070F348 /* Resources */,
			);
			buildRules = (
			);
			dependencies = (
			);
			fileSystemSynchronizedGroups = (
				F44E2F282E473DA30070F348 /* Smart Finance V2 */,
			);
			name = "Smart Finance V2";
			packageProductDependencies = (
			);
			productName = "Smart Finance V2";
			productReference = F44E2F262E473DA30070F348 /* Smart Finance V2.app */;
			productType = "com.apple.product-type.application";
		};
		F44E2F392E473DA50070F348 /* Smart Finance V2Tests */ = {
			isa = PBXNativeTarget;
			buildConfigurationList = F44E2F522E473DA50070F348 /* Build configuration list for PBXNativeTarget "Smart Finance V2Tests" */;
			buildPhases = (
				F44E2F362E473DA50070F348 /* Sources */,
				F44E2F372E473DA50070F348 /* Frameworks */,
				F44E2F382E473DA50070F348 /* Resources */,
			);
			buildRules = (
			);
			dependencies = (
				F44E2F3C2E473DA50070F348 /* PBXTargetDependency */,
			);
			fileSystemSynchronizedGroups = (
				F44E2F3D2E473DA50070F348 /* Smart Finance V2Tests */,
			);
			name = "Smart Finance V2Tests";
			packageProductDependencies = (
			);
			productName = "Smart Finance V2Tests";
			productReference = F44E2F3A2E473DA50070F348 /* Smart Finance V2Tests.xctest */;
			productType = "com.apple.product-type.bundle.unit-test";
		};
		F44E2F432E473DA50070F348 /* Smart Finance V2UITests */ = {
			isa = PBXNativeTarget;
			buildConfigurationList = F44E2F552E473DA50070F348 /* Build configuration list for PBXNativeTarget "Smart Finance V2UITests" */;
			buildPhases = (
				F44E2F402E473DA50070F348 /* Sources */,
				F44E2F412E473DA50070F348 /* Frameworks */,
				F44E2F422E473DA50070F348 /* Resources */,
			);
			buildRules = (
			);
			dependencies = (
				F44E2F462E473DA50070F348 /* PBXTargetDependency */,
			);
			fileSystemSynchronizedGroups = (
				F44E2F472E473DA50070F348 /* Smart Finance V2UITests */,
			);
			name = "Smart Finance V2UITests";
			packageProductDependencies = (
			);
			productName = "Smart Finance V2UITests";
			productReference = F44E2F442E473DA50070F348 /* Smart Finance V2UITests.xctest */;
			productType = "com.apple.product-type.bundle.ui-testing";
		};
/* End PBXNativeTarget section */

/* Begin PBXProject section */
		F44E2F1E2E473DA30070F348 /* Project object */ = {
			isa = PBXProject;
			attributes = {
				BuildIndependentTargetsInParallel = 1;
				LastSwiftUpdateCheck = 1640;
				LastUpgradeCheck = 1640;
				TargetAttributes = {
					F44E2F252E473DA30070F348 = {
						CreatedOnToolsVersion = 16.4;
					};
					F44E2F392E473DA50070F348 = {
						CreatedOnToolsVersion = 16.4;
						TestTargetID = F44E2F252E473DA30070F348;
					};
					F44E2F432E473DA50070F348 = {
						CreatedOnToolsVersion = 16.4;
						TestTargetID = F44E2F252E473DA30070F348;
					};
				};
			};
			buildConfigurationList = F44E2F212E473DA30070F348 /* Build configuration list for PBXProject "Smart Finance V2" */;
			developmentRegion = en;
			hasScannedForEncodings = 0;
			knownRegions = (
				en,
				Base,
			);
			mainGroup = F44E2F1D2E473DA30070F348;
			minimizedProjectReferenceProxies = 1;
			preferredProjectObjectVersion = 77;
			productRefGroup = F44E2F272E473DA30070F348 /* Products */;
			projectDirPath = "";
			projectRoot = "";
			targets = (
				F44E2F252E473DA30070F348 /* Smart Finance V2 */,
				F44E2F392E473DA50070F348 /* Smart Finance V2Tests */,
				F44E2F432E473DA50070F348 /* Smart Finance V2UITests */,
			);
		};
/* End PBXProject section */

/* Begin PBXResourcesBuildPhase section */
		F44E2F242E473DA30070F348 /* Resources */ = {
			isa = PBXResourcesBuildPhase;
			buildActionMask = 2147483647;
			files = (
			);
			runOnlyForDeploymentPostprocessing = 0;
		};
		F44E2F382E473DA50070F348 /* Resources */ = {
			isa = PBXResourcesBuildPhase;
			buildActionMask = 2147483647;
			files = (
			);
			runOnlyForDeploymentPostprocessing = 0;
		};
		F44E2F422E473DA50070F348 /* Resources */ = {
			isa = PBXResourcesBuildPhase;
			buildActionMask = 2147483647;
			files = (
			);
			runOnlyForDeploymentPostprocessing = 0;
		};
/* End PBXResourcesBuildPhase section */

/* Begin PBXSourcesBuildPhase section */
		F44E2F222E473DA30070F348 /* Sources */ = {
			isa = PBXSourcesBuildPhase;
			buildActionMask = 2147483647;
			files = (
			);
			runOnlyForDeploymentPostprocessing = 0;
		};
		F44E2F362E473DA50070F348 /* Sources */ = {
			isa = PBXSourcesBuildPhase;
			buildActionMask = 2147483647;
			files = (
			);
			runOnlyForDeploymentPostprocessing = 0;
		};
		F44E2F402E473DA50070F348 /* Sources */ = {
			isa = PBXSourcesBuildPhase;
			buildActionMask = 2147483647;
			files = (
			);
			runOnlyForDeploymentPostprocessing = 0;
		};
/* End PBXSourcesBuildPhase section */

/* Begin PBXTargetDependency section */
		F44E2F3C2E473DA50070F348 /* PBXTargetDependency */ = {
			isa = PBXTargetDependency;
			target = F44E2F252E473DA30070F348 /* Smart Finance V2 */;
			targetProxy = F44E2F3B2E473DA50070F348 /* PBXContainerItemProxy */;
		};
		F44E2F462E473DA50070F348 /* PBXTargetDependency */ = {
			isa = PBXTargetDependency;
			target = F44E2F252E473DA30070F348 /* Smart Finance V2 */;
			targetProxy = F44E2F452E473DA50070F348 /* PBXContainerItemProxy */;
		};
/* End PBXTargetDependency section */

/* Begin XCBuildConfiguration section */
		F44E2F4E2E473DA50070F348 /* Debug */ = {
			isa = XCBuildConfiguration;
			buildSettings = {
				ASSETCATALOG_COMPILER_APPICON_NAME = AppIcon;
				ASSETCATALOG_COMPILER_GLOBAL_ACCENT_COLOR_NAME = AccentColor;
				CODE_SIGN_ENTITLEMENTS = "Smart Finance V2/Smart_Finance_V2.entitlements";
				CODE_SIGN_STYLE = Automatic;
				CURRENT_PROJECT_VERSION = 1;
				DEVELOPMENT_TEAM = H46F5Z8KW7;
				ENABLE_PREVIEWS = YES;
				GENERATE_INFOPLIST_FILE = YES;
				INFOPLIST_FILE = "Smart Finance V2/Info.plist";
				INFOPLIST_KEY_LSApplicationCategoryType = "";
				INFOPLIST_KEY_NSFaceIDUsageDescription = "$(MARKETING_VERSION)";
				INFOPLIST_KEY_UIApplicationSceneManifest_Generation = YES;
				INFOPLIST_KEY_UIApplicationSupportsIndirectInputEvents = YES;
				INFOPLIST_KEY_UILaunchScreen_Generation = YES;
				INFOPLIST_KEY_UISupportedInterfaceOrientations_iPad = "UIInterfaceOrientationPortrait UIInterfaceOrientationPortraitUpsideDown UIInterfaceOrientationLandscapeLeft UIInterfaceOrientationLandscapeRight";
				INFOPLIST_KEY_UISupportedInterfaceOrientations_iPhone = "UIInterfaceOrientationPortrait UIInterfaceOrientationLandscapeLeft UIInterfaceOrientationLandscapeRight";
				LD_RUNPATH_SEARCH_PATHS = (
					"$(inherited)",
					"@executable_path/Frameworks",
				);
				MARKETING_VERSION = 1.0;
				PRODUCT_BUNDLE_IDENTIFIER = "com.snig.Smart-Finance-V2";
				PRODUCT_NAME = "$(TARGET_NAME)";
				SWIFT_EMIT_LOC_STRINGS = YES;
				SWIFT_VERSION = 5.0;
				TARGETED_DEVICE_FAMILY = "1,2";
			};
			name = Debug;
		};
		F44E2F4F2E473DA50070F348 /* Release */ = {
			isa = XCBuildConfiguration;
			buildSettings = {
				ASSETCATALOG_COMPILER_APPICON_NAME = AppIcon;
				ASSETCATALOG_COMPILER_GLOBAL_ACCENT_COLOR_NAME = AccentColor;
				CODE_SIGN_ENTITLEMENTS = "Smart Finance V2/Smart_Finance_V2.entitlements";
				CODE_SIGN_STYLE = Automatic;
				CURRENT_PROJECT_VERSION = 1;
				DEVELOPMENT_TEAM = H46F5Z8KW7;
				ENABLE_PREVIEWS = YES;
				GENERATE_INFOPLIST_FILE = YES;
				INFOPLIST_FILE = "Smart Finance V2/Info.plist";
				INFOPLIST_KEY_LSApplicationCategoryType = "";
				INFOPLIST_KEY_NSFaceIDUsageDescription = "$(MARKETING_VERSION)";
				INFOPLIST_KEY_UIApplicationSceneManifest_Generation = YES;
				INFOPLIST_KEY_UIApplicationSupportsIndirectInputEvents = YES;
				INFOPLIST_KEY_UILaunchScreen_Generation = YES;
				INFOPLIST_KEY_UISupportedInterfaceOrientations_iPad = "UIInterfaceOrientationPortrait UIInterfaceOrientationPortraitUpsideDown UIInterfaceOrientationLandscapeLeft UIInterfaceOrientationLandscapeRight";
				INFOPLIST_KEY_UISupportedInterfaceOrientations_iPhone = "UIInterfaceOrientationPortrait UIInterfaceOrientationLandscapeLeft UIInterfaceOrientationLandscapeRight";
				LD_RUNPATH_SEARCH_PATHS = (
					"$(inherited)",
					"@executable_path/Frameworks",
				);
				MARKETING_VERSION = 1.0;
				PRODUCT_BUNDLE_IDENTIFIER = "com.snig.Smart-Finance-V2";
				PRODUCT_NAME = "$(TARGET_NAME)";
				SWIFT_EMIT_LOC_STRINGS = YES;
				SWIFT_VERSION = 5.0;
				TARGETED_DEVICE_FAMILY = "1,2";
			};
			name = Release;
		};
		F44E2F502E473DA50070F348 /* Debug */ = {
			isa = XCBuildConfiguration;
			buildSettings = {
				ALWAYS_SEARCH_USER_PATHS = NO;
				ASSETCATALOG_COMPILER_GENERATE_SWIFT_ASSET_SYMBOL_EXTENSIONS = YES;
				CLANG_ANALYZER_NONNULL = YES;
				CLANG_ANALYZER_NUMBER_OBJECT_CONVERSION = YES_AGGRESSIVE;
				CLANG_CXX_LANGUAGE_STANDARD = "gnu++20";
				CLANG_ENABLE_MODULES = YES;
				CLANG_ENABLE_OBJC_ARC = YES;
				CLANG_ENABLE_OBJC_WEAK = YES;
				CLANG_WARN_BLOCK_CAPTURE_AUTORELEASING = YES;
				CLANG_WARN_BOOL_CONVERSION = YES;
				CLANG_WARN_COMMA = YES;
				CLANG_WARN_CONSTANT_CONVERSION = YES;
				CLANG_WARN_DEPRECATED_OBJC_IMPLEMENTATIONS = YES;
				CLANG_WARN_DIRECT_OBJC_ISA_USAGE = YES_ERROR;
				CLANG_WARN_DOCUMENTATION_COMMENTS = YES;
				CLANG_WARN_EMPTY_BODY = YES;
				CLANG_WARN_ENUM_CONVERSION = YES;
				CLANG_WARN_INFINITE_RECURSION = YES;
				CLANG_WARN_INT_CONVERSION = YES;
				CLANG_WARN_NON_LITERAL_NULL_CONVERSION = YES;
				CLANG_WARN_OBJC_IMPLICIT_RETAIN_SELF = YES;
				CLANG_WARN_OBJC_LITERAL_CONVERSION = YES;
				CLANG_WARN_OBJC_ROOT_CLASS = YES_ERROR;
				CLANG_WARN_QUOTED_INCLUDE_IN_FRAMEWORK_HEADER = YES;
				CLANG_WARN_RANGE_LOOP_ANALYSIS = YES;
				CLANG_WARN_STRICT_PROTOTYPES = YES;
				CLANG_WARN_SUSPICIOUS_MOVE = YES;
				CLANG_WARN_UNGUARDED_AVAILABILITY = YES_AGGRESSIVE;
				CLANG_WARN_UNREACHABLE_CODE = YES;
				CLANG_WARN__DUPLICATE_METHOD_MATCH = YES;
				COPY_PHASE_STRIP = NO;
				DEBUG_INFORMATION_FORMAT = dwarf;
				DEVELOPMENT_TEAM = H46F5Z8KW7;
				ENABLE_STRICT_OBJC_MSGSEND = YES;
				ENABLE_TESTABILITY = YES;
				ENABLE_USER_SCRIPT_SANDBOXING = YES;
				GCC_C_LANGUAGE_STANDARD = gnu17;
				GCC_DYNAMIC_NO_PIC = NO;
				GCC_NO_COMMON_BLOCKS = YES;
				GCC_OPTIMIZATION_LEVEL = 0;
				GCC_PREPROCESSOR_DEFINITIONS = (
					"DEBUG=1",
					"$(inherited)",
				);
				GCC_WARN_64_TO_32_BIT_CONVERSION = YES;
				GCC_WARN_ABOUT_RETURN_TYPE = YES_ERROR;
				GCC_WARN_UNDECLARED_SELECTOR = YES;
				GCC_WARN_UNINITIALIZED_AUTOS = YES_AGGRESSIVE;
				GCC_WARN_UNUSED_FUNCTION = YES;
				GCC_WARN_UNUSED_VARIABLE = YES;
				IPHONEOS_DEPLOYMENT_TARGET = 18.5;
				LOCALIZATION_PREFERS_STRING_CATALOGS = YES;
				MTL_ENABLE_DEBUG_INFO = INCLUDE_SOURCE;
				MTL_FAST_MATH = YES;
				ONLY_ACTIVE_ARCH = YES;
				SDKROOT = iphoneos;
				SWIFT_ACTIVE_COMPILATION_CONDITIONS = "DEBUG $(inherited)";
				SWIFT_OPTIMIZATION_LEVEL = "-Onone";
			};
			name = Debug;
		};
		F44E2F512E473DA50070F348 /* Release */ = {
			isa = XCBuildConfiguration;
			buildSettings = {
				ALWAYS_SEARCH_USER_PATHS = NO;
				ASSETCATALOG_COMPILER_GENERATE_SWIFT_ASSET_SYMBOL_EXTENSIONS = YES;
				CLANG_ANALYZER_NONNULL = YES;
				CLANG_ANALYZER_NUMBER_OBJECT_CONVERSION = YES_AGGRESSIVE;
				CLANG_CXX_LANGUAGE_STANDARD = "gnu++20";
				CLANG_ENABLE_MODULES = YES;
				CLANG_ENABLE_OBJC_ARC = YES;
				CLANG_ENABLE_OBJC_WEAK = YES;
				CLANG_WARN_BLOCK_CAPTURE_AUTORELEASING = YES;
				CLANG_WARN_BOOL_CONVERSION = YES;
				CLANG_WARN_COMMA = YES;
				CLANG_WARN_CONSTANT_CONVERSION = YES;
				CLANG_WARN_DEPRECATED_OBJC_IMPLEMENTATIONS = YES;
				CLANG_WARN_DIRECT_OBJC_ISA_USAGE = YES_ERROR;
				CLANG_WARN_DOCUMENTATION_COMMENTS = YES;
				CLANG_WARN_EMPTY_BODY = YES;
				CLANG_WARN_ENUM_CONVERSION = YES;
				CLANG_WARN_INFINITE_RECURSION = YES;
				CLANG_WARN_INT_CONVERSION = YES;
				CLANG_WARN_NON_LITERAL_NULL_CONVERSION = YES;
				CLANG_WARN_OBJC_IMPLICIT_RETAIN_SELF = YES;
				CLANG_WARN_OBJC_LITERAL_CONVERSION = YES;
				CLANG_WARN_OBJC_ROOT_CLASS = YES_ERROR;
				CLANG_WARN_QUOTED_INCLUDE_IN_FRAMEWORK_HEADER = YES;
				CLANG_WARN_RANGE_LOOP_ANALYSIS = YES;
				CLANG_WARN_STRICT_PROTOTYPES = YES;
				CLANG_WARN_SUSPICIOUS_MOVE = YES;
				CLANG_WARN_UNGUARDED_AVAILABILITY = YES_AGGRESSIVE;
				CLANG_WARN_UNREACHABLE_CODE = YES;
				CLANG_WARN__DUPLICATE_METHOD_MATCH = YES;
				COPY_PHASE_STRIP = NO;
				DEBUG_INFORMATION_FORMAT = "dwarf-with-dsym";
				DEVELOPMENT_TEAM = H46F5Z8KW7;
				ENABLE_NS_ASSERTIONS = NO;
				ENABLE_STRICT_OBJC_MSGSEND = YES;
				ENABLE_USER_SCRIPT_SANDBOXING = YES;
				GCC_C_LANGUAGE_STANDARD = gnu17;
				GCC_NO_COMMON_BLOCKS = YES;
				GCC_WARN_64_TO_32_BIT_CONVERSION = YES;
				GCC_WARN_ABOUT_RETURN_TYPE = YES_ERROR;
				GCC_WARN_UNDECLARED_SELECTOR = YES;
				GCC_WARN_UNINITIALIZED_AUTOS = YES_AGGRESSIVE;
				GCC_WARN_UNUSED_FUNCTION = YES;
				GCC_WARN_UNUSED_VARIABLE = YES;
				IPHONEOS_DEPLOYMENT_TARGET = 18.5;
				LOCALIZATION_PREFERS_STRING_CATALOGS = YES;
				MTL_ENABLE_DEBUG_INFO = NO;
				MTL_FAST_MATH = YES;
				SDKROOT = iphoneos;
				SWIFT_COMPILATION_MODE = wholemodule;
				VALIDATE_PRODUCT = YES;
			};
			name = Release;
		};
		F44E2F532E473DA50070F348 /* Debug */ = {
			isa = XCBuildConfiguration;
			buildSettings = {
				BUNDLE_LOADER = "$(TEST_HOST)";
				CODE_SIGN_STYLE = Automatic;
				CURRENT_PROJECT_VERSION = 1;
				DEVELOPMENT_TEAM = H46F5Z8KW7;
				GENERATE_INFOPLIST_FILE = YES;
				IPHONEOS_DEPLOYMENT_TARGET = 18.5;
				MARKETING_VERSION = 1.0;
				PRODUCT_BUNDLE_IDENTIFIER = "com.snig.Smart-Finance-V2Tests";
				PRODUCT_NAME = "$(TARGET_NAME)";
				SWIFT_EMIT_LOC_STRINGS = NO;
				SWIFT_VERSION = 5.0;
				TARGETED_DEVICE_FAMILY = "1,2";
				TEST_HOST = "$(BUILT_PRODUCTS_DIR)/Smart Finance V2.app/$(BUNDLE_EXECUTABLE_FOLDER_PATH)/Smart Finance V2";
			};
			name = Debug;
		};
		F44E2F542E473DA50070F348 /* Release */ = {
			isa = XCBuildConfiguration;
			buildSettings = {
				BUNDLE_LOADER = "$(TEST_HOST)";
				CODE_SIGN_STYLE = Automatic;
				CURRENT_PROJECT_VERSION = 1;
				DEVELOPMENT_TEAM = H46F5Z8KW7;
				GENERATE_INFOPLIST_FILE = YES;
				IPHONEOS_DEPLOYMENT_TARGET = 18.5;
				MARKETING_VERSION = 1.0;
				PRODUCT_BUNDLE_IDENTIFIER = "com.snig.Smart-Finance-V2Tests";
				PRODUCT_NAME = "$(TARGET_NAME)";
				SWIFT_EMIT_LOC_STRINGS = NO;
				SWIFT_VERSION = 5.0;
				TARGETED_DEVICE_FAMILY = "1,2";
				TEST_HOST = "$(BUILT_PRODUCTS_DIR)/Smart Finance V2.app/$(BUNDLE_EXECUTABLE_FOLDER_PATH)/Smart Finance V2";
			};
			name = Release;
		};
		F44E2F562E473DA50070F348 /* Debug */ = {
			isa = XCBuildConfiguration;
			buildSettings = {
				CODE_SIGN_STYLE = Automatic;
				CURRENT_PROJECT_VERSION = 1;
				DEVELOPMENT_TEAM = H46F5Z8KW7;
				GENERATE_INFOPLIST_FILE = YES;
				MARKETING_VERSION = 1.0;
				PRODUCT_BUNDLE_IDENTIFIER = "com.snig.Smart-Finance-V2UITests";
				PRODUCT_NAME = "$(TARGET_NAME)";
				SWIFT_EMIT_LOC_STRINGS = NO;
				SWIFT_VERSION = 5.0;
				TARGETED_DEVICE_FAMILY = "1,2";
				TEST_TARGET_NAME = "Smart Finance V2";
			};
			name = Debug;
		};
		F44E2F572E473DA50070F348 /* Release */ = {
			isa = XCBuildConfiguration;
			buildSettings = {
				CODE_SIGN_STYLE = Automatic;
				CURRENT_PROJECT_VERSION = 1;
				DEVELOPMENT_TEAM = H46F5Z8KW7;
				GENERATE_INFOPLIST_FILE = YES;
				MARKETING_VERSION = 1.0;
				PRODUCT_BUNDLE_IDENTIFIER = "com.snig.Smart-Finance-V2UITests";
				PRODUCT_NAME = "$(TARGET_NAME)";
				SWIFT_EMIT_LOC_STRINGS = NO;
				SWIFT_VERSION = 5.0;
				TARGETED_DEVICE_FAMILY = "1,2";
				TEST_TARGET_NAME = "Smart Finance V2";
			};
			name = Release;
		};
/* End XCBuildConfiguration section */

/* Begin XCConfigurationList section */
		F44E2F212E473DA30070F348 /* Build configuration list for PBXProject "Smart Finance V2" */ = {
			isa = XCConfigurationList;
			buildConfigurations = (
				F44E2F502E473DA50070F348 /* Debug */,
				F44E2F512E473DA50070F348 /* Release */,
			);
			defaultConfigurationIsVisible = 0;
			defaultConfigurationName = Release;
		};
		F44E2F4D2E473DA50070F348 /* Build configuration list for PBXNativeTarget "Smart Finance V2" */ = {
			isa = XCConfigurationList;
			buildConfigurations = (
				F44E2F4E2E473DA50070F348 /* Debug */,
				F44E2F4F2E473DA50070F348 /* Release */,
			);
			defaultConfigurationIsVisible = 0;
			defaultConfigurationName = Release;
		};
		F44E2F522E473DA50070F348 /* Build configuration list for PBXNativeTarget "Smart Finance V2Tests" */ = {
			isa = XCConfigurationList;
			buildConfigurations = (
				F44E2F532E473DA50070F348 /* Debug */,
				F44E2F542E473DA50070F348 /* Release */,
			);
			defaultConfigurationIsVisible = 0;
			defaultConfigurationName = Release;
		};
		F44E2F552E473DA50070F348 /* Build configuration list for PBXNativeTarget "Smart Finance V2UITests" */ = {
			isa = XCConfigurationList;
			buildConfigurations = (
				F44E2F562E473DA50070F348 /* Debug */,
				F44E2F572E473DA50070F348 /* Release */,
			);
			defaultConfigurationIsVisible = 0;
			defaultConfigurationName = Release;
		};
/* End XCConfigurationList section */
	};
	rootObject = F44E2F1E2E473DA30070F348 /* Project object */;
}
